
Microsoft Visual Studio Solution File, Format Version 12.00
# Visual Studio Version 17
VisualStudioVersion = 17.14.36327.8
MinimumVisualStudioVersion = 10.0.40219.1
Project("{FAE04EC0-301F-11D3-BF4B-00C04F79EFBC}") = "Restaurants.API", "Restaurants.API\Restaurants.API.csproj", "{CAEFA78B-1924-4435-BE3E-D045E38DA12F}"
EndProject
Project("{FAE04EC0-301F-11D3-BF4B-00C04F79EFBC}") = "Restaurants.Domain", "Restaurants.Domain\Restaurants.Domain.csproj", "{1EC70FB4-492E-4733-9228-ECE42421F746}"
EndProject
Project("{FAE04EC0-301F-11D3-BF4B-00C04F79EFBC}") = "Restaurants.Application", "Restaurants.Application\Restaurants.Application.csproj", "{AA42FB8D-ECE8-4C81-8B09-794A525B0C90}"
EndProject
Project("{FAE04EC0-301F-11D3-BF4B-00C04F79EFBC}") = "Restaurants.Infrastructure", "Restaurants.Infrastructure\Restaurants.Infrastructure.csproj", "{B8D7D647-22D9-4978-A72E-744AF6B214A7}"
EndProject
Global
	GlobalSection(SolutionConfigurationPlatforms) = preSolution
		Debug|Any CPU = Debug|Any CPU
		Release|Any CPU = Release|Any CPU
	EndGlobalSection
	GlobalSection(ProjectConfigurationPlatforms) = postSolution
		{CAEFA78B-1924-4435-BE3E-D045E38DA12F}.Debug|Any CPU.ActiveCfg = Debug|Any CPU
		{CAEFA78B-1924-4435-BE3E-D045E38DA12F}.Debug|Any CPU.Build.0 = Debug|Any CPU
		{CAEFA78B-1924-4435-BE3E-D045E38DA12F}.Release|Any CPU.ActiveCfg = Release|Any CPU
		{CAEFA78B-1924-4435-BE3E-D045E38DA12F}.Release|Any CPU.Build.0 = Release|Any CPU
		{1EC70FB4-492E-4733-9228-ECE42421F746}.Debug|Any CPU.ActiveCfg = Debug|Any CPU
		{1EC70FB4-492E-4733-9228-ECE42421F746}.Debug|Any CPU.Build.0 = Debug|Any CPU
		{1EC70FB4-492E-4733-9228-ECE42421F746}.Release|Any CPU.ActiveCfg = Release|Any CPU
		{1EC70FB4-492E-4733-9228-ECE42421F746}.Release|Any CPU.Build.0 = Release|Any CPU
		{AA42FB8D-ECE8-4C81-8B09-794A525B0C90}.Debug|Any CPU.ActiveCfg = Debug|Any CPU
		{AA42FB8D-ECE8-4C81-8B09-794A525B0C90}.Debug|Any CPU.Build.0 = Debug|Any CPU
		{AA42FB8D-ECE8-4C81-8B09-794A525B0C90}.Release|Any CPU.ActiveCfg = Release|Any CPU
		{AA42FB8D-ECE8-4C81-8B09-794A525B0C90}.Release|Any CPU.Build.0 = Release|Any CPU
		{B8D7D647-22D9-4978-A72E-744AF6B214A7}.Debug|Any CPU.ActiveCfg = Debug|Any CPU
		{B8D7D647-22D9-4978-A72E-744AF6B214A7}.Debug|Any CPU.Build.0 = Debug|Any CPU
		{B8D7D647-22D9-4978-A72E-744AF6B214A7}.Release|Any CPU.ActiveCfg = Release|Any CPU
		{B8D7D647-22D9-4978-A72E-744AF6B214A7}.Release|Any CPU.Build.0 = Release|Any CPU
	EndGlobalSection
	GlobalSection(SolutionProperties) = preSolution
		HideSolutionNode = FALSE
	EndGlobalSection
	GlobalSection(ExtensibilityGlobals) = postSolution
		SolutionGuid = {8F177FA7-39C2-4229-8DEE-E57E88FF3185}
	EndGlobalSection
EndGlobal
